// !$*UTF8*$!
{
	archiveVersion = 1;
	classes = {
	};
	objectVersion = 50;
	objects = {

/* Begin PBXBuildFile section */
		05892F632133EE29002690FC /* AppDelegate.swift in Sources */ = {isa = PBXBuildFile; fileRef = 05892F622133EE29002690FC /* AppDelegate.swift */; };
		05892F652133EE29002690FC /* ViewController.swift in Sources */ = {isa = PBXBuildFile; fileRef = 05892F642133EE29002690FC /* ViewController.swift */; };
		05892F682133EE29002690FC /* Main.storyboard in Resources */ = {isa = PBXBuildFile; fileRef = 05892F662133EE29002690FC /* Main.storyboard */; };
		05892F6A2133EE2A002690FC /* Assets.xcassets in Resources */ = {isa = PBXBuildFile; fileRef = 05892F692133EE2A002690FC /* Assets.xcassets */; };
		05892F6D2133EE2A002690FC /* LaunchScreen.storyboard in Resources */ = {isa = PBXBuildFile; fileRef = 05892F6B2133EE2A002690FC /* LaunchScreen.storyboard */; };
		05892F752133EE41002690FC /* TestModel.swift in Sources */ = {isa = PBXBuildFile; fileRef = 05892F742133EE41002690FC /* TestModel.swift */; };
		05892F782133EF25002690FC /* TestCell.swift in Sources */ = {isa = PBXBuildFile; fileRef = 05892F762133EF25002690FC /* TestCell.swift */; };
		05892F792133EF25002690FC /* TestCell.xib in Resources */ = {isa = PBXBuildFile; fileRef = 05892F772133EF25002690FC /* TestCell.xib */; };
		05892F7B2133F50A002690FC /* SViewController.swift in Sources */ = {isa = PBXBuildFile; fileRef = 05892F7A2133F50A002690FC /* SViewController.swift */; };
/* End PBXBuildFile section */

/* Begin PBXFileReference section */
		05892F5F2133EE29002690FC /* Swift_AutoTableViewCell_Demo.app */ = {isa = PBXFileReference; explicitFileType = wrapper.application; includeInIndex = 0; path = Swift_AutoTableViewCell_Demo.app; sourceTree = BUILT_PRODUCTS_DIR; };
		05892F622133EE29002690FC /* AppDelegate.swift */ = {isa = PBXFileReference; lastKnownFileType = sourcecode.swift; path = AppDelegate.swift; sourceTree = "<group>"; };
		05892F642133EE29002690FC /* ViewController.swift */ = {isa = PBXFileReference; lastKnownFileType = sourcecode.swift; path = ViewController.swift; sourceTree = "<group>"; };
		05892F672133EE29002690FC /* Base */ = {isa = PBXFileReference; lastKnownFileType = file.storyboard; name = Base; path = Base.lproj/Main.storyboard; sourceTree = "<group>"; };
		05892F692133EE2A002690FC /* Assets.xcassets */ = {isa = PBXFileReference; lastKnownFileType = folder.assetcatalog; path = Assets.xcassets; sourceTree = "<group>"; };
		05892F6C2133EE2A002690FC /* Base */ = {isa = PBXFileReference; lastKnownFileType = file.storyboard; name = Base; path = Base.lproj/LaunchScreen.storyboard; sourceTree = "<group>"; };
		05892F6E2133EE2A002690FC /* Info.plist */ = {isa = PBXFileReference; lastKnownFileType = text.plist.xml; path = Info.plist; sourceTree = "<group>"; };
		05892F742133EE41002690FC /* TestModel.swift */ = {isa = PBXFileReference; lastKnownFileType = sourcecode.swift; path = TestModel.swift; sourceTree = "<group>"; };
		05892F762133EF25002690FC /* TestCell.swift */ = {isa = PBXFileReference; lastKnownFileType = sourcecode.swift; path = TestCell.swift; sourceTree = "<group>"; };
		05892F772133EF25002690FC /* TestCell.xib */ = {isa = PBXFileReference; lastKnownFileType = file.xib; path = TestCell.xib; sourceTree = "<group>"; };
		05892F7A2133F50A002690FC /* SViewController.swift */ = {isa = PBXFileReference; lastKnownFileType = sourcecode.swift; path = SViewController.swift; sourceTree = "<group>"; };
/* End PBXFileReference section */

/* Begin PBXFrameworksBuildPhase section */
		05892F5C2133EE29002690FC /* Frameworks */ = {
			isa = PBXFrameworksBuildPhase;
			buildActionMask = 2147483647;
			files = (
			);
			runOnlyForDeploymentPostprocessing = 0;
		};
/* End PBXFrameworksBuildPhase section */

/* Begin PBXGroup section */
		05892F562133EE29002690FC = {
			isa = PBXGroup;
			children = (
				05892F612133EE29002690FC /* Swift_AutoTableViewCell_Demo */,
				05892F602133EE29002690FC /* Products */,
			);
			sourceTree = "<group>";
		};
		05892F602133EE29002690FC /* Products */ = {
			isa = PBXGroup;
			children = (
				05892F5F2133EE29002690FC /* Swift_AutoTableViewCell_Demo.app */,
			);
			name = Products;
			sourceTree = "<group>";
		};
		05892F612133EE29002690FC /* Swift_AutoTableViewCell_Demo */ = {
			isa = PBXGroup;
			children = (
				05892F622133EE29002690FC /* AppDelegate.swift */,
				05892F642133EE29002690FC /* ViewController.swift */,
				05892F7A2133F50A002690FC /* SViewController.swift */,
				05892F762133EF25002690FC /* TestCell.swift */,
				05892F772133EF25002690FC /* TestCell.xib */,
				05892F742133EE41002690FC /* TestModel.swift */,
				05892F662133EE29002690FC /* Main.storyboard */,
				05892F692133EE2A002690FC /* Assets.xcassets */,
				05892F6B2133EE2A002690FC /* LaunchScreen.storyboard */,
				05892F6E2133EE2A002690FC /* Info.plist */,
			);
			path = Swift_AutoTableViewCell_Demo;
			sourceTree = "<group>";
		};
/* End PBXGroup section */

/* Begin PBXNativeTarget section */
		05892F5E2133EE29002690FC /* Swift_AutoTableViewCell_Demo */ = {
			isa = PBXNativeTarget;
			buildConfigurationList = 05892F712133EE2A002690FC /* Build configuration list for PBXNativeTarget "Swift_AutoTableViewCell_Demo" */;
			buildPhases = (
				05892F5B2133EE29002690FC /* Sources */,
				05892F5C2133EE29002690FC /* Frameworks */,
				05892F5D2133EE29002690FC /* Resources */,
			);
			buildRules = (
			);
			dependencies = (
			);
			name = Swift_AutoTableViewCell_Demo;
			productName = Swift_AutoTableViewCell_Demo;
			productReference = 05892F5F2133EE29002690FC /* Swift_AutoTableViewCell_Demo.app */;
			productType = "com.apple.product-type.application";
		};
/* End PBXNativeTarget section */

/* Begin PBXProject section */
		05892F572133EE29002690FC /* Project object */ = {
			isa = PBXProject;
			attributes = {
				LastSwiftUpdateCheck = 0940;
				LastUpgradeCheck = 0940;
				ORGANIZATIONNAME = "孙云飞";
				TargetAttributes = {
					05892F5E2133EE29002690FC = {
						CreatedOnToolsVersion = 9.4.1;
					};
				};
			};
			buildConfigurationList = 05892F5A2133EE29002690FC /* Build configuration list for PBXProject "Swift_AutoTableViewCell_Demo" */;
			compatibilityVersion = "Xcode 9.3";
			developmentRegion = en;
			hasScannedForEncodings = 0;
			knownRegions = (
				en,
				Base,
			);
			mainGroup = 05892F562133EE29002690FC;
			productRefGroup = 05892F602133EE29002690FC /* Products */;
			projectDirPath = "";
			projectRoot = "";
			targets = (
				05892F5E2133EE29002690FC /* Swift_AutoTableViewCell_Demo */,
			);
		};
/* End PBXProject section */

/* Begin PBXResourcesBuildPhase section */
		05892F5D2133EE29002690FC /* Resources */ = {
			isa = PBXResourcesBuildPhase;
			buildActionMask = 2147483647;
			files = (
				05892F6D2133EE2A002690FC /* LaunchScreen.storyboard in Resources */,
				05892F792133EF25002690FC /* TestCell.xib in Resources */,
				05892F6A2133EE2A002690FC /* Assets.xcassets in Resources */,
				05892F682133EE29002690FC /* Main.storyboard in Resources */,
			);
			runOnlyForDeploymentPostprocessing = 0;
		};
/* End PBXResourcesBuildPhase section */

/* Begin PBXSourcesBuildPhase section */
		05892F5B2133EE29002690FC /* Sources */ = {
			isa = PBXSourcesBuildPhase;
			buildActionMask = 2147483647;
			files = (
				05892F752133EE41002690FC /* TestModel.swift in Sources */,
				05892F7B2133F50A002690FC /* SViewController.swift in Sources */,
				05892F782133EF25002690FC /* TestCell.swift in Sources */,
				05892F652133EE29002690FC /* ViewController.swift in Sources */,
				05892F632133EE29002690FC /* AppDelegate.swift in Sources */,
			);
			runOnlyForDeploymentPostprocessing = 0;
		};
/* End PBXSourcesBuildPhase section */

/* Begin PBXVariantGroup section */
		05892F662133EE29002690FC /* Main.storyboard */ = {
			isa = PBXVariantGroup;
			children = (
				05892F672133EE29002690FC /* Base */,
			);
			name = Main.storyboard;
			sourceTree = "<group>";
		};
		05892F6B2133EE2A002690FC /* LaunchScreen.storyboard */ = {
			isa = PBXVariantGroup;
			children = (
				05892F6C2133EE2A002690FC /* Base */,
			);
			name = LaunchScreen.storyboard;
			sourceTree = "<group>";
		};
/* End PBXVariantGroup section */

/* Begin XCBuildConfiguration section */
		05892F6F2133EE2A002690FC /* Debug */ = {
			isa = XCBuildConfiguration;
			buildSettings = {
				ALWAYS_SEARCH_USER_PATHS = NO;
				CLANG_ANALYZER_NONNULL = YES;
				CLANG_ANALYZER_NUMBER_OBJECT_CONVERSION = YES_AGGRESSIVE;
				CLANG_CXX_LANGUAGE_STANDARD = "gnu++14";
				CLANG_CXX_LIBRARY = "libc++";
				CLANG_ENABLE_MODULES = YES;
				CLANG_ENABLE_OBJC_ARC = YES;
				CLANG_ENABLE_OBJC_WEAK = YES;
				CLANG_WARN_BLOCK_CAPTURE_AUTORELEASING = YES;
				CLANG_WARN_BOOL_CONVERSION = YES;
				CLANG_WARN_COMMA = YES;
				CLANG_WARN_CONSTANT_CONVERSION = YES;
				CLANG_WARN_DEPRECATED_OBJC_IMPLEMENTATIONS = YES;
				CLANG_WARN_DIRECT_OBJC_ISA_USAGE = YES_ERROR;
				CLANG_WARN_DOCUMENTATION_COMMENTS = YES;
				CLANG_WARN_EMPTY_BODY = YES;
				CLANG_WARN_ENUM_CONVERSION = YES;
				CLANG_WARN_INFINITE_RECURSION = YES;
				CLANG_WARN_INT_CONVERSION = YES;
				CLANG_WARN_NON_LITERAL_NULL_CONVERSION = YES;
				CLANG_WARN_OBJC_IMPLICIT_RETAIN_SELF = YES;
				CLANG_WARN_OBJC_LITERAL_CONVERSION = YES;
				CLANG_WARN_OBJC_ROOT_CLASS = YES_ERROR;
				CLANG_WARN_RANGE_LOOP_ANALYSIS = YES;
				CLANG_WARN_STRICT_PROTOTYPES = YES;
				CLANG_WARN_SUSPICIOUS_MOVE = YES;
				CLANG_WARN_UNGUARDED_AVAILABILITY = YES_AGGRESSIVE;
				CLANG_WARN_UNREACHABLE_CODE = YES;
				CLANG_WARN__DUPLICATE_METHOD_MATCH = YES;
				CODE_SIGN_IDENTITY = "iPhone Developer";
				COPY_PHASE_STRIP = NO;
				DEBUG_INFORMATION_FORMAT = dwarf;
				ENABLE_STRICT_OBJC_MSGSEND = YES;
				ENABLE_TESTABILITY = YES;
				GCC_C_LANGUAGE_STANDARD = gnu11;
				GCC_DYNAMIC_NO_PIC = NO;
				GCC_NO_COMMON_BLOCKS = YES;
				GCC_OPTIMIZATION_LEVEL = 0;
				GCC_PREPROCESSOR_DEFINITIONS = (
					"DEBUG=1",
					"$(inherited)",
				);
				GCC_WARN_64_TO_32_BIT_CONVERSION = YES;
				GCC_WARN_ABOUT_RETURN_TYPE = YES_ERROR;
				GCC_WARN_UNDECLARED_SELECTOR = YES;
				GCC_WARN_UNINITIALIZED_AUTOS = YES_AGGRESSIVE;
				GCC_WARN_UNUSED_FUNCTION = YES;
				GCC_WARN_UNUSED_VARIABLE = YES;
				IPHONEOS_DEPLOYMENT_TARGET = 11.4;
				MTL_ENABLE_DEBUG_INFO = YES;
				ONLY_ACTIVE_ARCH = YES;
				SDKROOT = iphoneos;
				SWIFT_ACTIVE_COMPILATION_CONDITIONS = DEBUG;
				SWIFT_OPTIMIZATION_LEVEL = "-Onone";
			};
			name = Debug;
		};
		05892F702133EE2A002690FC /* Release */ = {
			isa = XCBuildConfiguration;
			buildSettings = {
				ALWAYS_SEARCH_USER_PATHS = NO;
				CLANG_ANALYZER_NONNULL = YES;
				CLANG_ANALYZER_NUMBER_OBJECT_CONVERSION = YES_AGGRESSIVE;
				CLANG_CXX_LANGUAGE_STANDARD = "gnu++14";
				CLANG_CXX_LIBRARY = "libc++";
				CLANG_ENABLE_MODULES = YES;
				CLANG_ENABLE_OBJC_ARC = YES;
				CLANG_ENABLE_OBJC_WEAK = YES;
				CLANG_WARN_BLOCK_CAPTURE_AUTORELEASING = YES;
				CLANG_WARN_BOOL_CONVERSION = YES;
				CLANG_WARN_COMMA = YES;
				CLANG_WARN_CONSTANT_CONVERSION = YES;
				CLANG_WARN_DEPRECATED_OBJC_IMPLEMENTATIONS = YES;
				CLANG_WARN_DIRECT_OBJC_ISA_USAGE = YES_ERROR;
				CLANG_WARN_DOCUMENTATION_COMMENTS = YES;
				CLANG_WARN_EMPTY_BODY = YES;
				CLANG_WARN_ENUM_CONVERSION = YES;
				CLANG_WARN_INFINITE_RECURSION = YES;
				CLANG_WARN_INT_CONVERSION = YES;
				CLANG_WARN_NON_LITERAL_NULL_CONVERSION = YES;
				CLANG_WARN_OBJC_IMPLICIT_RETAIN_SELF = YES;
				CLANG_WARN_OBJC_LITERAL_CONVERSION = YES;
				CLANG_WARN_OBJC_ROOT_CLASS = YES_ERROR;
				CLANG_WARN_RANGE_LOOP_ANALYSIS = YES;
				CLANG_WARN_STRICT_PROTOTYPES = YES;
				CLANG_WARN_SUSPICIOUS_MOVE = YES;
				CLANG_WARN_UNGUARDED_AVAILABILITY = YES_AGGRESSIVE;
				CLANG_WARN_UNREACHABLE_CODE = YES;
				CLANG_WARN__DUPLICATE_METHOD_MATCH = YES;
				CODE_SIGN_IDENTITY = "iPhone Developer";
				COPY_PHASE_STRIP = NO;
				DEBUG_INFORMATION_FORMAT = "dwarf-with-dsym";
				ENABLE_NS_ASSERTIONS = NO;
				ENABLE_STRICT_OBJC_MSGSEND = YES;
				GCC_C_LANGUAGE_STANDARD = gnu11;
				GCC_NO_COMMON_BLOCKS = YES;
				GCC_WARN_64_TO_32_BIT_CONVERSION = YES;
				GCC_WARN_ABOUT_RETURN_TYPE = YES_ERROR;
				GCC_WARN_UNDECLARED_SELECTOR = YES;
				GCC_WARN_UNINITIALIZED_AUTOS = YES_AGGRESSIVE;
				GCC_WARN_UNUSED_FUNCTION = YES;
				GCC_WARN_UNUSED_VARIABLE = YES;
				IPHONEOS_DEPLOYMENT_TARGET = 11.4;
				MTL_ENABLE_DEBUG_INFO = NO;
				SDKROOT = iphoneos;
				SWIFT_COMPILATION_MODE = wholemodule;
				SWIFT_OPTIMIZATION_LEVEL = "-O";
				VALIDATE_PRODUCT = YES;
			};
			name = Release;
		};
		05892F722133EE2A002690FC /* Debug */ = {
			isa = XCBuildConfiguration;
			buildSettings = {
				ASSETCATALOG_COMPILER_APPICON_NAME = AppIcon;
				CODE_SIGN_STYLE = Automatic;
				INFOPLIST_FILE = Swift_AutoTableViewCell_Demo/Info.plist;
				LD_RUNPATH_SEARCH_PATHS = (
					"$(inherited)",
					"@executable_path/Frameworks",
				);
				PRODUCT_BUNDLE_IDENTIFIER = "com.syf.demo.Swift-AutoTableViewCell-Demo";
				PRODUCT_NAME = "$(TARGET_NAME)";
				SWIFT_VERSION = 4.0;
				TARGETED_DEVICE_FAMILY = "1,2";
			};
			name = Debug;
		};
		05892F732133EE2A002690FC /* Release */ = {
			isa = XCBuildConfiguration;
			buildSettings = {
				ASSETCATALOG_COMPILER_APPICON_NAME = AppIcon;
				CODE_SIGN_STYLE = Automatic;
				INFOPLIST_FILE = Swift_AutoTableViewCell_Demo/Info.plist;
				LD_RUNPATH_SEARCH_PATHS = (
					"$(inherited)",
					"@executable_path/Frameworks",
				);
				PRODUCT_BUNDLE_IDENTIFIER = "com.syf.demo.Swift-AutoTableViewCell-Demo";
				PRODUCT_NAME = "$(TARGET_NAME)";
				SWIFT_VERSION = 4.0;
				TARGETED_DEVICE_FAMILY = "1,2";
			};
			name = Release;
		};
/* End XCBuildConfiguration section */

/* Begin XCConfigurationList section */
		05892F5A2133EE29002690FC /* Build configuration list for PBXProject "Swift_AutoTableViewCell_Demo" */ = {
			isa = XCConfigurationList;
			buildConfigurations = (
				05892F6F2133EE2A002690FC /* Debug */,
				05892F702133EE2A002690FC /* Release */,
			);
			defaultConfigurationIsVisible = 0;
			defaultConfigurationName = Release;
		};
		05892F712133EE2A002690FC /* Build configuration list for PBXNativeTarget "Swift_AutoTableViewCell_Demo" */ = {
			isa = XCConfigurationList;
			buildConfigurations = (
				05892F722133EE2A002690FC /* Debug */,
				05892F732133EE2A002690FC /* Release */,
			);
			defaultConfigurationIsVisible = 0;
			defaultConfigurationName = Release;
		};
/* End XCConfigurationList section */
	};
	rootObject = 05892F572133EE29002690FC /* Project object */;
}
